
Microsoft Visual Studio Solution File, Format Version 12.00
# Visual Studio Version 17
VisualStudioVersion = 17.9.34728.123
MinimumVisualStudioVersion = 10.0.40219.1
Project("{9A19103F-16F7-4668-BE54-9A1E7A4F7556}") = "Ejemplo01", "Ejemplo01\Ejemplo01.csproj", "{11C304BB-9FE1-4FE3-A09D-D30CDE4E1D8B}"
EndProject
Project("{9A19103F-16F7-4668-BE54-9A1E7A4F7556}") = "Agenda", "Agenda\Agenda.csproj", "{0DC249EA-4A08-4108-926A-AA86AB78309E}"
EndProject
Project("{FAE04EC0-301F-11D3-BF4B-00C04F79EFBC}") = "DataAdapterApp", "DataAdapterApp\DataAdapterApp.csproj", "{CB2025A5-9893-4CC7-A2BE-7EF686275099}"
EndProject
Global
	GlobalSection(SolutionConfigurationPlatforms) = preSolution
		Debug|Any CPU = Debug|Any CPU
		Release|Any CPU = Release|Any CPU
	EndGlobalSection
	GlobalSection(ProjectConfigurationPlatforms) = postSolution
		{11C304BB-9FE1-4FE3-A09D-D30CDE4E1D8B}.Debug|Any CPU.ActiveCfg = Debug|Any CPU
		{11C304BB-9FE1-4FE3-A09D-D30CDE4E1D8B}.Debug|Any CPU.Build.0 = Debug|Any CPU
		{11C304BB-9FE1-4FE3-A09D-D30CDE4E1D8B}.Release|Any CPU.ActiveCfg = Release|Any CPU
		{11C304BB-9FE1-4FE3-A09D-D30CDE4E1D8B}.Release|Any CPU.Build.0 = Release|Any CPU
		{0DC249EA-4A08-4108-926A-AA86AB78309E}.Debug|Any CPU.ActiveCfg = Debug|Any CPU
		{0DC249EA-4A08-4108-926A-AA86AB78309E}.Debug|Any CPU.Build.0 = Debug|Any CPU
		{0DC249EA-4A08-4108-926A-AA86AB78309E}.Release|Any CPU.ActiveCfg = Release|Any CPU
		{0DC249EA-4A08-4108-926A-AA86AB78309E}.Release|Any CPU.Build.0 = Release|Any CPU
		{CB2025A5-9893-4CC7-A2BE-7EF686275099}.Debug|Any CPU.ActiveCfg = Debug|Any CPU
		{CB2025A5-9893-4CC7-A2BE-7EF686275099}.Debug|Any CPU.Build.0 = Debug|Any CPU
		{CB2025A5-9893-4CC7-A2BE-7EF686275099}.Release|Any CPU.ActiveCfg = Release|Any CPU
		{CB2025A5-9893-4CC7-A2BE-7EF686275099}.Release|Any CPU.Build.0 = Release|Any CPU
	EndGlobalSection
	GlobalSection(SolutionProperties) = preSolution
		HideSolutionNode = FALSE
	EndGlobalSection
	GlobalSection(ExtensibilityGlobals) = postSolution
		SolutionGuid = {C19AB863-55F7-4A67-982F-AE929D9F3A4B}
	EndGlobalSection
EndGlobal
