
Microsoft Visual Studio Solution File, Format Version 12.00
# Visual Studio Version 17
VisualStudioVersion = 17.9.34728.123
MinimumVisualStudioVersion = 10.0.40219.1
Project("{9A19103F-16F7-4668-BE54-9A1E7A4F7556}") = "Ejemplo01", "Ejemplo01\Ejemplo01.csproj", "{F18F541A-B64C-420B-908C-3539108579E0}"
EndProject
Project("{FAE04EC0-301F-11D3-BF4B-00C04F79EFBC}") = "Agenda", "Agenda\Agenda.csproj", "{0EB885CE-F13C-4274-A000-76B72A15ADB5}"
EndProject
Project("{9A19103F-16F7-4668-BE54-9A1E7A4F7556}") = "DataAdapterApp", "DataAdapterApp\DataAdapterApp.csproj", "{6AD37338-5C40-4035-B020-653915992676}"
EndProject
Global
	GlobalSection(SolutionConfigurationPlatforms) = preSolution
		Debug|Any CPU = Debug|Any CPU
		Release|Any CPU = Release|Any CPU
	EndGlobalSection
	GlobalSection(ProjectConfigurationPlatforms) = postSolution
		{F18F541A-B64C-420B-908C-3539108579E0}.Debug|Any CPU.ActiveCfg = Debug|Any CPU
		{F18F541A-B64C-420B-908C-3539108579E0}.Debug|Any CPU.Build.0 = Debug|Any CPU
		{F18F541A-B64C-420B-908C-3539108579E0}.Release|Any CPU.ActiveCfg = Release|Any CPU
		{F18F541A-B64C-420B-908C-3539108579E0}.Release|Any CPU.Build.0 = Release|Any CPU
		{0EB885CE-F13C-4274-A000-76B72A15ADB5}.Debug|Any CPU.ActiveCfg = Debug|Any CPU
		{0EB885CE-F13C-4274-A000-76B72A15ADB5}.Debug|Any CPU.Build.0 = Debug|Any CPU
		{0EB885CE-F13C-4274-A000-76B72A15ADB5}.Release|Any CPU.ActiveCfg = Release|Any CPU
		{0EB885CE-F13C-4274-A000-76B72A15ADB5}.Release|Any CPU.Build.0 = Release|Any CPU
		{6AD37338-5C40-4035-B020-653915992676}.Debug|Any CPU.ActiveCfg = Debug|Any CPU
		{6AD37338-5C40-4035-B020-653915992676}.Debug|Any CPU.Build.0 = Debug|Any CPU
		{6AD37338-5C40-4035-B020-653915992676}.Release|Any CPU.ActiveCfg = Release|Any CPU
		{6AD37338-5C40-4035-B020-653915992676}.Release|Any CPU.Build.0 = Release|Any CPU
	EndGlobalSection
	GlobalSection(SolutionProperties) = preSolution
		HideSolutionNode = FALSE
	EndGlobalSection
	GlobalSection(ExtensibilityGlobals) = postSolution
		SolutionGuid = {862EC54A-B904-4239-8FEE-E162F78719EB}
	EndGlobalSection
EndGlobal
